{
    "_meta": {
        "hash": {
            "sha256": "78735496399dabe6d5c3f63086d0e4b08c355f5795693f9aab1f0a2ec32e8ffd"
        },
        "pipfile-spec": 6,
        "requires": {
            "python_version": "3.9"
        },
        "sources": [
            {
                "name": "pypi",
                "url": "https://pypi.org/simple",
                "verify_ssl": true
            }
        ]
    },
    "default": {
        "msedge-selenium-tools": {
            "hashes": [
                "sha256:63e2966d48094239e4d40bdaf9fd1c723698541c90362cf8d810d934cd7334f9",
                "sha256:b6d4adce03770211de9a927edce41672baa6b2f582a969d564e5176631cc8d2b"
            ],
            "index": "pypi",
            "version": "==3.141.3"
        },
        "selenium": {
            "hashes": [
                "sha256:2d7131d7bc5a5b99a2d9b04aaf2612c411b03b8ca1b1ee8d3de5845a9be2cb3c",
                "sha256:deaf32b60ad91a4611b98d8002757f29e6f2c2d5fcaf202e1c9ad06d6772300d"
            ],
            "index": "pypi",
            "version": "==3.141"
        },
        "urllib3": {
            "hashes": [
                "sha256:19188f96923873c92ccb987120ec4acaa12f0461fa9ce5d3d0772bc965a39e08",
                "sha256:d8ff90d979214d7b4f8ce956e80f4028fc6860e4431f731ea4a8c08f23f99473"
            ],
            "markers": "python_version >= '2.7' and python_version not in '3.0, 3.1, 3.2, 3.3, 3.4' and python_version < '4'",
            "version": "==1.26.2"
        }
    },
    "develop": {}
}
